
Microsoft Visual Studio Solution File, Format Version 12.00
# Visual Studio Version 17
VisualStudioVersion = 17.0.31903.59
MinimumVisualStudioVersion = 10.0.40219.1
Project("{FAE04EC0-301F-11D3-BF4B-00C04F79EFBC}") = "11Test", "11Test\11Test.csproj", "{92DEB556-9BE5-4F7E-8214-1C13ACEE70F4}"
EndProject
Project("{FAE04EC0-301F-11D3-BF4B-00C04F79EFBC}") = "11", "11\11.csproj", "{89FCA2C2-A44D-4EA4-97B5-8B1D9AC48AF7}"
EndProject
Project("{FAE04EC0-301F-11D3-BF4B-00C04F79EFBC}") = "10", "10\10.csproj", "{9754C98D-B817-49DC-84D9-278D7F5768B8}"
EndProject
Project("{FAE04EC0-301F-11D3-BF4B-00C04F79EFBC}") = "01", "01\01.csproj", "{9EA888F8-1338-493C-B00C-8C1841FE4985}"
EndProject
Project("{FAE04EC0-301F-11D3-BF4B-00C04F79EFBC}") = "02", "02\02.csproj", "{02F337F5-402E-4F30-A958-FE4ED3D82331}"
EndProject
Project("{FAE04EC0-301F-11D3-BF4B-00C04F79EFBC}") = "03", "03\03.csproj", "{F1D84FB2-C1F7-4921-B60D-FD2E1CCB1321}"
EndProject
Project("{FAE04EC0-301F-11D3-BF4B-00C04F79EFBC}") = "04", "04\04.csproj", "{C3D52043-C948-431C-989D-82BAA982C6AF}"
EndProject
Project("{FAE04EC0-301F-11D3-BF4B-00C04F79EFBC}") = "05", "05\05.csproj", "{7446B789-6D77-4E0E-9A52-6CE67BDE2654}"
EndProject
Project("{FAE04EC0-301F-11D3-BF4B-00C04F79EFBC}") = "06", "06\06.csproj", "{53A82F0B-3E13-4668-AB03-967606365006}"
EndProject
Project("{FAE04EC0-301F-11D3-BF4B-00C04F79EFBC}") = "07", "07\07.csproj", "{C2914B4B-6758-4434-8B69-D02E99E195CD}"
EndProject
Project("{FAE04EC0-301F-11D3-BF4B-00C04F79EFBC}") = "08", "08\08.csproj", "{4075BF31-B803-4720-80B2-82BC4F9C1BE8}"
EndProject
Project("{FAE04EC0-301F-11D3-BF4B-00C04F79EFBC}") = "09", "09\09.csproj", "{C140C4D9-94AE-4AF7-9DA5-6F51A406CA9C}"
EndProject
Project("{FAE04EC0-301F-11D3-BF4B-00C04F79EFBC}") = "AdventCodeLibrary", "AdventCodeLibrary\AdventCodeLibrary.csproj", "{7B3434FB-4DE1-46DC-A0EF-EA22DDF5B40E}"
EndProject
Project("{FAE04EC0-301F-11D3-BF4B-00C04F79EFBC}") = "AdventCodeLibraryTest", "AdventCodeLibraryTest\AdventCodeLibraryTest.csproj", "{2001E96D-513D-4AE4-836C-6A2FE5D5A542}"
EndProject
Project("{FAE04EC0-301F-11D3-BF4B-00C04F79EFBC}") = "12", "12\12.csproj", "{5DCE38BA-D603-429A-85FF-19F5CB7987E9}"
EndProject
Project("{FAE04EC0-301F-11D3-BF4B-00C04F79EFBC}") = "12Test", "12Test\12Test.csproj", "{88F24A09-4CD1-4A9A-8090-F564382BCB64}"
EndProject
Project("{FAE04EC0-301F-11D3-BF4B-00C04F79EFBC}") = "13", "13\13.csproj", "{2E5AE3D0-E1BD-4A45-90DE-89EEA7098D4C}"
EndProject
Project("{FAE04EC0-301F-11D3-BF4B-00C04F79EFBC}") = "13Test", "13Test\13Test.csproj", "{C70D07E7-0F04-49BD-9D4F-8D1B5B0C1D5F}"
EndProject
Project("{FAE04EC0-301F-11D3-BF4B-00C04F79EFBC}") = "14", "14\14.csproj", "{C591B117-ABDD-411E-AD51-0089550D3D88}"
EndProject
Project("{FAE04EC0-301F-11D3-BF4B-00C04F79EFBC}") = "14Test", "14Test\14Test.csproj", "{6623EE36-DB00-4AB2-9F49-2A72B48BC095}"
EndProject
Global
	GlobalSection(SolutionConfigurationPlatforms) = preSolution
		Debug|Any CPU = Debug|Any CPU
		Release|Any CPU = Release|Any CPU
	EndGlobalSection
	GlobalSection(SolutionProperties) = preSolution
		HideSolutionNode = FALSE
	EndGlobalSection
	GlobalSection(ProjectConfigurationPlatforms) = postSolution
		{92DEB556-9BE5-4F7E-8214-1C13ACEE70F4}.Debug|Any CPU.ActiveCfg = Debug|Any CPU
		{92DEB556-9BE5-4F7E-8214-1C13ACEE70F4}.Debug|Any CPU.Build.0 = Debug|Any CPU
		{92DEB556-9BE5-4F7E-8214-1C13ACEE70F4}.Release|Any CPU.ActiveCfg = Release|Any CPU
		{92DEB556-9BE5-4F7E-8214-1C13ACEE70F4}.Release|Any CPU.Build.0 = Release|Any CPU
		{89FCA2C2-A44D-4EA4-97B5-8B1D9AC48AF7}.Debug|Any CPU.ActiveCfg = Debug|Any CPU
		{89FCA2C2-A44D-4EA4-97B5-8B1D9AC48AF7}.Debug|Any CPU.Build.0 = Debug|Any CPU
		{89FCA2C2-A44D-4EA4-97B5-8B1D9AC48AF7}.Release|Any CPU.ActiveCfg = Release|Any CPU
		{89FCA2C2-A44D-4EA4-97B5-8B1D9AC48AF7}.Release|Any CPU.Build.0 = Release|Any CPU
		{9754C98D-B817-49DC-84D9-278D7F5768B8}.Debug|Any CPU.ActiveCfg = Debug|Any CPU
		{9754C98D-B817-49DC-84D9-278D7F5768B8}.Debug|Any CPU.Build.0 = Debug|Any CPU
		{9754C98D-B817-49DC-84D9-278D7F5768B8}.Release|Any CPU.ActiveCfg = Release|Any CPU
		{9754C98D-B817-49DC-84D9-278D7F5768B8}.Release|Any CPU.Build.0 = Release|Any CPU
		{9EA888F8-1338-493C-B00C-8C1841FE4985}.Debug|Any CPU.ActiveCfg = Debug|Any CPU
		{9EA888F8-1338-493C-B00C-8C1841FE4985}.Debug|Any CPU.Build.0 = Debug|Any CPU
		{9EA888F8-1338-493C-B00C-8C1841FE4985}.Release|Any CPU.ActiveCfg = Release|Any CPU
		{9EA888F8-1338-493C-B00C-8C1841FE4985}.Release|Any CPU.Build.0 = Release|Any CPU
		{02F337F5-402E-4F30-A958-FE4ED3D82331}.Debug|Any CPU.ActiveCfg = Debug|Any CPU
		{02F337F5-402E-4F30-A958-FE4ED3D82331}.Debug|Any CPU.Build.0 = Debug|Any CPU
		{02F337F5-402E-4F30-A958-FE4ED3D82331}.Release|Any CPU.ActiveCfg = Release|Any CPU
		{02F337F5-402E-4F30-A958-FE4ED3D82331}.Release|Any CPU.Build.0 = Release|Any CPU
		{F1D84FB2-C1F7-4921-B60D-FD2E1CCB1321}.Debug|Any CPU.ActiveCfg = Debug|Any CPU
		{F1D84FB2-C1F7-4921-B60D-FD2E1CCB1321}.Debug|Any CPU.Build.0 = Debug|Any CPU
		{F1D84FB2-C1F7-4921-B60D-FD2E1CCB1321}.Release|Any CPU.ActiveCfg = Release|Any CPU
		{F1D84FB2-C1F7-4921-B60D-FD2E1CCB1321}.Release|Any CPU.Build.0 = Release|Any CPU
		{C3D52043-C948-431C-989D-82BAA982C6AF}.Debug|Any CPU.ActiveCfg = Debug|Any CPU
		{C3D52043-C948-431C-989D-82BAA982C6AF}.Debug|Any CPU.Build.0 = Debug|Any CPU
		{C3D52043-C948-431C-989D-82BAA982C6AF}.Release|Any CPU.ActiveCfg = Release|Any CPU
		{C3D52043-C948-431C-989D-82BAA982C6AF}.Release|Any CPU.Build.0 = Release|Any CPU
		{7446B789-6D77-4E0E-9A52-6CE67BDE2654}.Debug|Any CPU.ActiveCfg = Debug|Any CPU
		{7446B789-6D77-4E0E-9A52-6CE67BDE2654}.Debug|Any CPU.Build.0 = Debug|Any CPU
		{7446B789-6D77-4E0E-9A52-6CE67BDE2654}.Release|Any CPU.ActiveCfg = Release|Any CPU
		{7446B789-6D77-4E0E-9A52-6CE67BDE2654}.Release|Any CPU.Build.0 = Release|Any CPU
		{53A82F0B-3E13-4668-AB03-967606365006}.Debug|Any CPU.ActiveCfg = Debug|Any CPU
		{53A82F0B-3E13-4668-AB03-967606365006}.Debug|Any CPU.Build.0 = Debug|Any CPU
		{53A82F0B-3E13-4668-AB03-967606365006}.Release|Any CPU.ActiveCfg = Release|Any CPU
		{53A82F0B-3E13-4668-AB03-967606365006}.Release|Any CPU.Build.0 = Release|Any CPU
		{C2914B4B-6758-4434-8B69-D02E99E195CD}.Debug|Any CPU.ActiveCfg = Debug|Any CPU
		{C2914B4B-6758-4434-8B69-D02E99E195CD}.Debug|Any CPU.Build.0 = Debug|Any CPU
		{C2914B4B-6758-4434-8B69-D02E99E195CD}.Release|Any CPU.ActiveCfg = Release|Any CPU
		{C2914B4B-6758-4434-8B69-D02E99E195CD}.Release|Any CPU.Build.0 = Release|Any CPU
		{4075BF31-B803-4720-80B2-82BC4F9C1BE8}.Debug|Any CPU.ActiveCfg = Debug|Any CPU
		{4075BF31-B803-4720-80B2-82BC4F9C1BE8}.Debug|Any CPU.Build.0 = Debug|Any CPU
		{4075BF31-B803-4720-80B2-82BC4F9C1BE8}.Release|Any CPU.ActiveCfg = Release|Any CPU
		{4075BF31-B803-4720-80B2-82BC4F9C1BE8}.Release|Any CPU.Build.0 = Release|Any CPU
		{C140C4D9-94AE-4AF7-9DA5-6F51A406CA9C}.Debug|Any CPU.ActiveCfg = Debug|Any CPU
		{C140C4D9-94AE-4AF7-9DA5-6F51A406CA9C}.Debug|Any CPU.Build.0 = Debug|Any CPU
		{C140C4D9-94AE-4AF7-9DA5-6F51A406CA9C}.Release|Any CPU.ActiveCfg = Release|Any CPU
		{C140C4D9-94AE-4AF7-9DA5-6F51A406CA9C}.Release|Any CPU.Build.0 = Release|Any CPU
		{7B3434FB-4DE1-46DC-A0EF-EA22DDF5B40E}.Debug|Any CPU.ActiveCfg = Debug|Any CPU
		{7B3434FB-4DE1-46DC-A0EF-EA22DDF5B40E}.Debug|Any CPU.Build.0 = Debug|Any CPU
		{7B3434FB-4DE1-46DC-A0EF-EA22DDF5B40E}.Release|Any CPU.ActiveCfg = Release|Any CPU
		{7B3434FB-4DE1-46DC-A0EF-EA22DDF5B40E}.Release|Any CPU.Build.0 = Release|Any CPU
		{2001E96D-513D-4AE4-836C-6A2FE5D5A542}.Debug|Any CPU.ActiveCfg = Debug|Any CPU
		{2001E96D-513D-4AE4-836C-6A2FE5D5A542}.Debug|Any CPU.Build.0 = Debug|Any CPU
		{2001E96D-513D-4AE4-836C-6A2FE5D5A542}.Release|Any CPU.ActiveCfg = Release|Any CPU
		{2001E96D-513D-4AE4-836C-6A2FE5D5A542}.Release|Any CPU.Build.0 = Release|Any CPU
		{5DCE38BA-D603-429A-85FF-19F5CB7987E9}.Debug|Any CPU.ActiveCfg = Debug|Any CPU
		{5DCE38BA-D603-429A-85FF-19F5CB7987E9}.Debug|Any CPU.Build.0 = Debug|Any CPU
		{5DCE38BA-D603-429A-85FF-19F5CB7987E9}.Release|Any CPU.ActiveCfg = Release|Any CPU
		{5DCE38BA-D603-429A-85FF-19F5CB7987E9}.Release|Any CPU.Build.0 = Release|Any CPU
		{88F24A09-4CD1-4A9A-8090-F564382BCB64}.Debug|Any CPU.ActiveCfg = Debug|Any CPU
		{88F24A09-4CD1-4A9A-8090-F564382BCB64}.Debug|Any CPU.Build.0 = Debug|Any CPU
		{88F24A09-4CD1-4A9A-8090-F564382BCB64}.Release|Any CPU.ActiveCfg = Release|Any CPU
		{88F24A09-4CD1-4A9A-8090-F564382BCB64}.Release|Any CPU.Build.0 = Release|Any CPU
		{2E5AE3D0-E1BD-4A45-90DE-89EEA7098D4C}.Debug|Any CPU.ActiveCfg = Debug|Any CPU
		{2E5AE3D0-E1BD-4A45-90DE-89EEA7098D4C}.Debug|Any CPU.Build.0 = Debug|Any CPU
		{2E5AE3D0-E1BD-4A45-90DE-89EEA7098D4C}.Release|Any CPU.ActiveCfg = Release|Any CPU
		{2E5AE3D0-E1BD-4A45-90DE-89EEA7098D4C}.Release|Any CPU.Build.0 = Release|Any CPU
		{C70D07E7-0F04-49BD-9D4F-8D1B5B0C1D5F}.Debug|Any CPU.ActiveCfg = Debug|Any CPU
		{C70D07E7-0F04-49BD-9D4F-8D1B5B0C1D5F}.Debug|Any CPU.Build.0 = Debug|Any CPU
		{C70D07E7-0F04-49BD-9D4F-8D1B5B0C1D5F}.Release|Any CPU.ActiveCfg = Release|Any CPU
		{C70D07E7-0F04-49BD-9D4F-8D1B5B0C1D5F}.Release|Any CPU.Build.0 = Release|Any CPU
		{C591B117-ABDD-411E-AD51-0089550D3D88}.Debug|Any CPU.ActiveCfg = Debug|Any CPU
		{C591B117-ABDD-411E-AD51-0089550D3D88}.Debug|Any CPU.Build.0 = Debug|Any CPU
		{C591B117-ABDD-411E-AD51-0089550D3D88}.Release|Any CPU.ActiveCfg = Release|Any CPU
		{C591B117-ABDD-411E-AD51-0089550D3D88}.Release|Any CPU.Build.0 = Release|Any CPU
		{6623EE36-DB00-4AB2-9F49-2A72B48BC095}.Debug|Any CPU.ActiveCfg = Debug|Any CPU
		{6623EE36-DB00-4AB2-9F49-2A72B48BC095}.Debug|Any CPU.Build.0 = Debug|Any CPU
		{6623EE36-DB00-4AB2-9F49-2A72B48BC095}.Release|Any CPU.ActiveCfg = Release|Any CPU
		{6623EE36-DB00-4AB2-9F49-2A72B48BC095}.Release|Any CPU.Build.0 = Release|Any CPU
	EndGlobalSection
EndGlobal
